// !$*UTF8*$!
{
	archiveVersion = 1;
	classes = {
	};
	objectVersion = 50;
	objects = {

/* Begin PBXBuildFile section */
		6A5F3F869FC58F4F55BDE478 /* Pods_taskapp.framework in Frameworks */ = {isa = PBXBuildFile; fileRef = A4F220F311F50734C491CBC5 /* Pods_taskapp.framework */; };
		DCC235A126CA60DB00D3C4E6 /* AppDelegate.swift in Sources */ = {isa = PBXBuildFile; fileRef = DCC235A026CA60DB00D3C4E6 /* AppDelegate.swift */; };
		DCC235A326CA60DB00D3C4E6 /* SceneDelegate.swift in Sources */ = {isa = PBXBuildFile; fileRef = DCC235A226CA60DB00D3C4E6 /* SceneDelegate.swift */; };
		DCC235A526CA60DB00D3C4E6 /* ViewController.swift in Sources */ = {isa = PBXBuildFile; fileRef = DCC235A426CA60DB00D3C4E6 /* ViewController.swift */; };
		DCC235A826CA60DB00D3C4E6 /* Main.storyboard in Resources */ = {isa = PBXBuildFile; fileRef = DCC235A626CA60DB00D3C4E6 /* Main.storyboard */; };
		DCC235AA26CA60DF00D3C4E6 /* Assets.xcassets in Resources */ = {isa = PBXBuildFile; fileRef = DCC235A926CA60DF00D3C4E6 /* Assets.xcassets */; };
		DCC235AD26CA60DF00D3C4E6 /* LaunchScreen.storyboard in Resources */ = {isa = PBXBuildFile; fileRef = DCC235AB26CA60DF00D3C4E6 /* LaunchScreen.storyboard */; };
		DCC235C626D0D7F400D3C4E6 /* InputViewController.swift in Sources */ = {isa = PBXBuildFile; fileRef = DCC235C526D0D7F400D3C4E6 /* InputViewController.swift */; };
/* End PBXBuildFile section */

/* Begin PBXFileReference section */
		83E92DDB9D2501240580D1A8 /* Pods-taskapp.debug.xcconfig */ = {isa = PBXFileReference; includeInIndex = 1; lastKnownFileType = text.xcconfig; name = "Pods-taskapp.debug.xcconfig"; path = "Target Support Files/Pods-taskapp/Pods-taskapp.debug.xcconfig"; sourceTree = "<group>"; };
		A4F220F311F50734C491CBC5 /* Pods_taskapp.framework */ = {isa = PBXFileReference; explicitFileType = wrapper.framework; includeInIndex = 0; path = Pods_taskapp.framework; sourceTree = BUILT_PRODUCTS_DIR; };
		DCC2359D26CA60DB00D3C4E6 /* taskapp.app */ = {isa = PBXFileReference; explicitFileType = wrapper.application; includeInIndex = 0; path = taskapp.app; sourceTree = BUILT_PRODUCTS_DIR; };
		DCC235A026CA60DB00D3C4E6 /* AppDelegate.swift */ = {isa = PBXFileReference; lastKnownFileType = sourcecode.swift; path = AppDelegate.swift; sourceTree = "<group>"; };
		DCC235A226CA60DB00D3C4E6 /* SceneDelegate.swift */ = {isa = PBXFileReference; lastKnownFileType = sourcecode.swift; path = SceneDelegate.swift; sourceTree = "<group>"; };
		DCC235A426CA60DB00D3C4E6 /* ViewController.swift */ = {isa = PBXFileReference; lastKnownFileType = sourcecode.swift; path = ViewController.swift; sourceTree = "<group>"; };
		DCC235A726CA60DB00D3C4E6 /* Base */ = {isa = PBXFileReference; lastKnownFileType = file.storyboard; name = Base; path = Base.lproj/Main.storyboard; sourceTree = "<group>"; };
		DCC235A926CA60DF00D3C4E6 /* Assets.xcassets */ = {isa = PBXFileReference; lastKnownFileType = folder.assetcatalog; path = Assets.xcassets; sourceTree = "<group>"; };
		DCC235AC26CA60DF00D3C4E6 /* Base */ = {isa = PBXFileReference; lastKnownFileType = file.storyboard; name = Base; path = Base.lproj/LaunchScreen.storyboard; sourceTree = "<group>"; };
		DCC235AE26CA60DF00D3C4E6 /* Info.plist */ = {isa = PBXFileReference; lastKnownFileType = text.plist.xml; path = Info.plist; sourceTree = "<group>"; };
		DCC235C526D0D7F400D3C4E6 /* InputViewController.swift */ = {isa = PBXFileReference; lastKnownFileType = sourcecode.swift; path = InputViewController.swift; sourceTree = "<group>"; };
		E5526AB7BFAFC8CD2F0FD159 /* Pods-taskapp.release.xcconfig */ = {isa = PBXFileReference; includeInIndex = 1; lastKnownFileType = text.xcconfig; name = "Pods-taskapp.release.xcconfig"; path = "Target Support Files/Pods-taskapp/Pods-taskapp.release.xcconfig"; sourceTree = "<group>"; };
/* End PBXFileReference section */

/* Begin PBXFrameworksBuildPhase section */
		DCC2359A26CA60DB00D3C4E6 /* Frameworks */ = {
			isa = PBXFrameworksBuildPhase;
			buildActionMask = 2147483647;
			files = (
				6A5F3F869FC58F4F55BDE478 /* Pods_taskapp.framework in Frameworks */,
			);
			runOnlyForDeploymentPostprocessing = 0;
		};
/* End PBXFrameworksBuildPhase section */

/* Begin PBXGroup section */
		37654DBA276A6A26F08C4134 /* Pods */ = {
			isa = PBXGroup;
			children = (
				83E92DDB9D2501240580D1A8 /* Pods-taskapp.debug.xcconfig */,
				E5526AB7BFAFC8CD2F0FD159 /* Pods-taskapp.release.xcconfig */,
			);
			name = Pods;
			path = Pods;
			sourceTree = "<group>";
		};
		7D6AE60DAAFFA8CD0E542044 /* Frameworks */ = {
			isa = PBXGroup;
			children = (
				A4F220F311F50734C491CBC5 /* Pods_taskapp.framework */,
			);
			name = Frameworks;
			sourceTree = "<group>";
		};
		DCC2359426CA60DB00D3C4E6 = {
			isa = PBXGroup;
			children = (
				DCC2359F26CA60DB00D3C4E6 /* taskapp */,
				DCC2359E26CA60DB00D3C4E6 /* Products */,
				37654DBA276A6A26F08C4134 /* Pods */,
				7D6AE60DAAFFA8CD0E542044 /* Frameworks */,
			);
			sourceTree = "<group>";
		};
		DCC2359E26CA60DB00D3C4E6 /* Products */ = {
			isa = PBXGroup;
			children = (
				DCC2359D26CA60DB00D3C4E6 /* taskapp.app */,
			);
			name = Products;
			sourceTree = "<group>";
		};
		DCC2359F26CA60DB00D3C4E6 /* taskapp */ = {
			isa = PBXGroup;
			children = (
				DCC235A026CA60DB00D3C4E6 /* AppDelegate.swift */,
				DCC235A226CA60DB00D3C4E6 /* SceneDelegate.swift */,
				DCC235A426CA60DB00D3C4E6 /* ViewController.swift */,
				DCC235C526D0D7F400D3C4E6 /* InputViewController.swift */,
				DCC235A626CA60DB00D3C4E6 /* Main.storyboard */,
				DCC235A926CA60DF00D3C4E6 /* Assets.xcassets */,
				DCC235AB26CA60DF00D3C4E6 /* LaunchScreen.storyboard */,
				DCC235AE26CA60DF00D3C4E6 /* Info.plist */,
			);
			path = taskapp;
			sourceTree = "<group>";
		};
/* End PBXGroup section */

/* Begin PBXNativeTarget section */
		DCC2359C26CA60DB00D3C4E6 /* taskapp */ = {
			isa = PBXNativeTarget;
			buildConfigurationList = DCC235B126CA60DF00D3C4E6 /* Build configuration list for PBXNativeTarget "taskapp" */;
			buildPhases = (
				822BF8E772021692BD8C8558 /* [CP] Check Pods Manifest.lock */,
				DCC2359926CA60DB00D3C4E6 /* Sources */,
				DCC2359A26CA60DB00D3C4E6 /* Frameworks */,
				DCC2359B26CA60DB00D3C4E6 /* Resources */,
				4077B9282B3D0D39A6AB0EBE /* [CP] Embed Pods Frameworks */,
			);
			buildRules = (
			);
			dependencies = (
			);
			name = taskapp;
			productName = taskapp;
			productReference = DCC2359D26CA60DB00D3C4E6 /* taskapp.app */;
			productType = "com.apple.product-type.application";
		};
/* End PBXNativeTarget section */

/* Begin PBXProject section */
		DCC2359526CA60DB00D3C4E6 /* Project object */ = {
			isa = PBXProject;
			attributes = {
				LastSwiftUpdateCheck = 1220;
				LastUpgradeCheck = 1220;
				TargetAttributes = {
					DCC2359C26CA60DB00D3C4E6 = {
						CreatedOnToolsVersion = 12.2;
					};
				};
			};
			buildConfigurationList = DCC2359826CA60DB00D3C4E6 /* Build configuration list for PBXProject "taskapp" */;
			compatibilityVersion = "Xcode 9.3";
			developmentRegion = en;
			hasScannedForEncodings = 0;
			knownRegions = (
				en,
				Base,
			);
			mainGroup = DCC2359426CA60DB00D3C4E6;
			productRefGroup = DCC2359E26CA60DB00D3C4E6 /* Products */;
			projectDirPath = "";
			projectRoot = "";
			targets = (
				DCC2359C26CA60DB00D3C4E6 /* taskapp */,
			);
		};
/* End PBXProject section */

/* Begin PBXResourcesBuildPhase section */
		DCC2359B26CA60DB00D3C4E6 /* Resources */ = {
			isa = PBXResourcesBuildPhase;
			buildActionMask = 2147483647;
			files = (
				DCC235AD26CA60DF00D3C4E6 /* LaunchScreen.storyboard in Resources */,
				DCC235AA26CA60DF00D3C4E6 /* Assets.xcassets in Resources */,
				DCC235A826CA60DB00D3C4E6 /* Main.storyboard in Resources */,
			);
			runOnlyForDeploymentPostprocessing = 0;
		};
/* End PBXResourcesBuildPhase section */

/* Begin PBXShellScriptBuildPhase section */
		4077B9282B3D0D39A6AB0EBE /* [CP] Embed Pods Frameworks */ = {
			isa = PBXShellScriptBuildPhase;
			buildActionMask = 2147483647;
			files = (
			);
			inputFileListPaths = (
				"${PODS_ROOT}/Target Support Files/Pods-taskapp/Pods-taskapp-frameworks-${CONFIGURATION}-input-files.xcfilelist",
			);
			name = "[CP] Embed Pods Frameworks";
			outputFileListPaths = (
				"${PODS_ROOT}/Target Support Files/Pods-taskapp/Pods-taskapp-frameworks-${CONFIGURATION}-output-files.xcfilelist",
			);
			runOnlyForDeploymentPostprocessing = 0;
			shellPath = /bin/sh;
			shellScript = "\"${PODS_ROOT}/Target Support Files/Pods-taskapp/Pods-taskapp-frameworks.sh\"\n";
			showEnvVarsInLog = 0;
		};
		822BF8E772021692BD8C8558 /* [CP] Check Pods Manifest.lock */ = {
			isa = PBXShellScriptBuildPhase;
			buildActionMask = 2147483647;
			files = (
			);
			inputFileListPaths = (
			);
			inputPaths = (
				"${PODS_PODFILE_DIR_PATH}/Podfile.lock",
				"${PODS_ROOT}/Manifest.lock",
			);
			name = "[CP] Check Pods Manifest.lock";
			outputFileListPaths = (
			);
			outputPaths = (
				"$(DERIVED_FILE_DIR)/Pods-taskapp-checkManifestLockResult.txt",
			);
			runOnlyForDeploymentPostprocessing = 0;
			shellPath = /bin/sh;
			shellScript = "diff \"${PODS_PODFILE_DIR_PATH}/Podfile.lock\" \"${PODS_ROOT}/Manifest.lock\" > /dev/null\nif [ $? != 0 ] ; then\n    # print error to STDERR\n    echo \"error: The sandbox is not in sync with the Podfile.lock. Run 'pod install' or update your CocoaPods installation.\" >&2\n    exit 1\nfi\n# This output is used by Xcode 'outputs' to avoid re-running this script phase.\necho \"SUCCESS\" > \"${SCRIPT_OUTPUT_FILE_0}\"\n";
			showEnvVarsInLog = 0;
		};
/* End PBXShellScriptBuildPhase section */

/* Begin PBXSourcesBuildPhase section */
		DCC2359926CA60DB00D3C4E6 /* Sources */ = {
			isa = PBXSourcesBuildPhase;
			buildActionMask = 2147483647;
			files = (
				DCC235A526CA60DB00D3C4E6 /* ViewController.swift in Sources */,
				DCC235A126CA60DB00D3C4E6 /* AppDelegate.swift in Sources */,
				DCC235A326CA60DB00D3C4E6 /* SceneDelegate.swift in Sources */,
				DCC235C626D0D7F400D3C4E6 /* InputViewController.swift in Sources */,
			);
			runOnlyForDeploymentPostprocessing = 0;
		};
/* End PBXSourcesBuildPhase section */

/* Begin PBXVariantGroup section */
		DCC235A626CA60DB00D3C4E6 /* Main.storyboard */ = {
			isa = PBXVariantGroup;
			children = (
				DCC235A726CA60DB00D3C4E6 /* Base */,
			);
			name = Main.storyboard;
			sourceTree = "<group>";
		};
		DCC235AB26CA60DF00D3C4E6 /* LaunchScreen.storyboard */ = {
			isa = PBXVariantGroup;
			children = (
				DCC235AC26CA60DF00D3C4E6 /* Base */,
			);
			name = LaunchScreen.storyboard;
			sourceTree = "<group>";
		};
/* End PBXVariantGroup section */

/* Begin XCBuildConfiguration section */
		DCC235AF26CA60DF00D3C4E6 /* Debug */ = {
			isa = XCBuildConfiguration;
			buildSettings = {
				ALWAYS_SEARCH_USER_PATHS = NO;
				CLANG_ANALYZER_NONNULL = YES;
				CLANG_ANALYZER_NUMBER_OBJECT_CONVERSION = YES_AGGRESSIVE;
				CLANG_CXX_LANGUAGE_STANDARD = "gnu++14";
				CLANG_CXX_LIBRARY = "libc++";
				CLANG_ENABLE_MODULES = YES;
				CLANG_ENABLE_OBJC_ARC = YES;
				CLANG_ENABLE_OBJC_WEAK = YES;
				CLANG_WARN_BLOCK_CAPTURE_AUTORELEASING = YES;
				CLANG_WARN_BOOL_CONVERSION = YES;
				CLANG_WARN_COMMA = YES;
				CLANG_WARN_CONSTANT_CONVERSION = YES;
				CLANG_WARN_DEPRECATED_OBJC_IMPLEMENTATIONS = YES;
				CLANG_WARN_DIRECT_OBJC_ISA_USAGE = YES_ERROR;
				CLANG_WARN_DOCUMENTATION_COMMENTS = YES;
				CLANG_WARN_EMPTY_BODY = YES;
				CLANG_WARN_ENUM_CONVERSION = YES;
				CLANG_WARN_INFINITE_RECURSION = YES;
				CLANG_WARN_INT_CONVERSION = YES;
				CLANG_WARN_NON_LITERAL_NULL_CONVERSION = YES;
				CLANG_WARN_OBJC_IMPLICIT_RETAIN_SELF = YES;
				CLANG_WARN_OBJC_LITERAL_CONVERSION = YES;
				CLANG_WARN_OBJC_ROOT_CLASS = YES_ERROR;
				CLANG_WARN_QUOTED_INCLUDE_IN_FRAMEWORK_HEADER = YES;
				CLANG_WARN_RANGE_LOOP_ANALYSIS = YES;
				CLANG_WARN_STRICT_PROTOTYPES = YES;
				CLANG_WARN_SUSPICIOUS_MOVE = YES;
				CLANG_WARN_UNGUARDED_AVAILABILITY = YES_AGGRESSIVE;
				CLANG_WARN_UNREACHABLE_CODE = YES;
				CLANG_WARN__DUPLICATE_METHOD_MATCH = YES;
				COPY_PHASE_STRIP = NO;
				DEBUG_INFORMATION_FORMAT = dwarf;
				ENABLE_STRICT_OBJC_MSGSEND = YES;
				ENABLE_TESTABILITY = YES;
				GCC_C_LANGUAGE_STANDARD = gnu11;
				GCC_DYNAMIC_NO_PIC = NO;
				GCC_NO_COMMON_BLOCKS = YES;
				GCC_OPTIMIZATION_LEVEL = 0;
				GCC_PREPROCESSOR_DEFINITIONS = (
					"DEBUG=1",
					"$(inherited)",
				);
				GCC_WARN_64_TO_32_BIT_CONVERSION = YES;
				GCC_WARN_ABOUT_RETURN_TYPE = YES_ERROR;
				GCC_WARN_UNDECLARED_SELECTOR = YES;
				GCC_WARN_UNINITIALIZED_AUTOS = YES_AGGRESSIVE;
				GCC_WARN_UNUSED_FUNCTION = YES;
				GCC_WARN_UNUSED_VARIABLE = YES;
				IPHONEOS_DEPLOYMENT_TARGET = 14.2;
				MTL_ENABLE_DEBUG_INFO = INCLUDE_SOURCE;
				MTL_FAST_MATH = YES;
				ONLY_ACTIVE_ARCH = YES;
				SDKROOT = iphoneos;
				SWIFT_ACTIVE_COMPILATION_CONDITIONS = DEBUG;
				SWIFT_OPTIMIZATION_LEVEL = "-Onone";
			};
			name = Debug;
		};
		DCC235B026CA60DF00D3C4E6 /* Release */ = {
			isa = XCBuildConfiguration;
			buildSettings = {
				ALWAYS_SEARCH_USER_PATHS = NO;
				CLANG_ANALYZER_NONNULL = YES;
				CLANG_ANALYZER_NUMBER_OBJECT_CONVERSION = YES_AGGRESSIVE;
				CLANG_CXX_LANGUAGE_STANDARD = "gnu++14";
				CLANG_CXX_LIBRARY = "libc++";
				CLANG_ENABLE_MODULES = YES;
				CLANG_ENABLE_OBJC_ARC = YES;
				CLANG_ENABLE_OBJC_WEAK = YES;
				CLANG_WARN_BLOCK_CAPTURE_AUTORELEASING = YES;
				CLANG_WARN_BOOL_CONVERSION = YES;
				CLANG_WARN_COMMA = YES;
				CLANG_WARN_CONSTANT_CONVERSION = YES;
				CLANG_WARN_DEPRECATED_OBJC_IMPLEMENTATIONS = YES;
				CLANG_WARN_DIRECT_OBJC_ISA_USAGE = YES_ERROR;
				CLANG_WARN_DOCUMENTATION_COMMENTS = YES;
				CLANG_WARN_EMPTY_BODY = YES;
				CLANG_WARN_ENUM_CONVERSION = YES;
				CLANG_WARN_INFINITE_RECURSION = YES;
				CLANG_WARN_INT_CONVERSION = YES;
				CLANG_WARN_NON_LITERAL_NULL_CONVERSION = YES;
				CLANG_WARN_OBJC_IMPLICIT_RETAIN_SELF = YES;
				CLANG_WARN_OBJC_LITERAL_CONVERSION = YES;
				CLANG_WARN_OBJC_ROOT_CLASS = YES_ERROR;
				CLANG_WARN_QUOTED_INCLUDE_IN_FRAMEWORK_HEADER = YES;
				CLANG_WARN_RANGE_LOOP_ANALYSIS = YES;
				CLANG_WARN_STRICT_PROTOTYPES = YES;
				CLANG_WARN_SUSPICIOUS_MOVE = YES;
				CLANG_WARN_UNGUARDED_AVAILABILITY = YES_AGGRESSIVE;
				CLANG_WARN_UNREACHABLE_CODE = YES;
				CLANG_WARN__DUPLICATE_METHOD_MATCH = YES;
				COPY_PHASE_STRIP = NO;
				DEBUG_INFORMATION_FORMAT = "dwarf-with-dsym";
				ENABLE_NS_ASSERTIONS = NO;
				ENABLE_STRICT_OBJC_MSGSEND = YES;
				GCC_C_LANGUAGE_STANDARD = gnu11;
				GCC_NO_COMMON_BLOCKS = YES;
				GCC_WARN_64_TO_32_BIT_CONVERSION = YES;
				GCC_WARN_ABOUT_RETURN_TYPE = YES_ERROR;
				GCC_WARN_UNDECLARED_SELECTOR = YES;
				GCC_WARN_UNINITIALIZED_AUTOS = YES_AGGRESSIVE;
				GCC_WARN_UNUSED_FUNCTION = YES;
				GCC_WARN_UNUSED_VARIABLE = YES;
				IPHONEOS_DEPLOYMENT_TARGET = 14.2;
				MTL_ENABLE_DEBUG_INFO = NO;
				MTL_FAST_MATH = YES;
				SDKROOT = iphoneos;
				SWIFT_COMPILATION_MODE = wholemodule;
				SWIFT_OPTIMIZATION_LEVEL = "-O";
				VALIDATE_PRODUCT = YES;
			};
			name = Release;
		};
		DCC235B226CA60DF00D3C4E6 /* Debug */ = {
			isa = XCBuildConfiguration;
			baseConfigurationReference = 83E92DDB9D2501240580D1A8 /* Pods-taskapp.debug.xcconfig */;
			buildSettings = {
				ASSETCATALOG_COMPILER_APPICON_NAME = AppIcon;
				ASSETCATALOG_COMPILER_GLOBAL_ACCENT_COLOR_NAME = AccentColor;
				CODE_SIGN_STYLE = Automatic;
				DEVELOPMENT_TEAM = 35UBY28H9F;
				INFOPLIST_FILE = taskapp/Info.plist;
				LD_RUNPATH_SEARCH_PATHS = (
					"$(inherited)",
					"@executable_path/Frameworks",
				);
				PRODUCT_BUNDLE_IDENTIFIER = jp.techacademy.hrkwatta.taskapp;
				PRODUCT_NAME = "$(TARGET_NAME)";
				SWIFT_VERSION = 5.0;
				TARGETED_DEVICE_FAMILY = 1;
			};
			name = Debug;
		};
		DCC235B326CA60DF00D3C4E6 /* Release */ = {
			isa = XCBuildConfiguration;
			baseConfigurationReference = E5526AB7BFAFC8CD2F0FD159 /* Pods-taskapp.release.xcconfig */;
			buildSettings = {
				ASSETCATALOG_COMPILER_APPICON_NAME = AppIcon;
				ASSETCATALOG_COMPILER_GLOBAL_ACCENT_COLOR_NAME = AccentColor;
				CODE_SIGN_STYLE = Automatic;
				DEVELOPMENT_TEAM = 35UBY28H9F;
				INFOPLIST_FILE = taskapp/Info.plist;
				LD_RUNPATH_SEARCH_PATHS = (
					"$(inherited)",
					"@executable_path/Frameworks",
				);
				PRODUCT_BUNDLE_IDENTIFIER = jp.techacademy.hrkwatta.taskapp;
				PRODUCT_NAME = "$(TARGET_NAME)";
				SWIFT_VERSION = 5.0;
				TARGETED_DEVICE_FAMILY = 1;
			};
			name = Release;
		};
/* End XCBuildConfiguration section */

/* Begin XCConfigurationList section */
		DCC2359826CA60DB00D3C4E6 /* Build configuration list for PBXProject "taskapp" */ = {
			isa = XCConfigurationList;
			buildConfigurations = (
				DCC235AF26CA60DF00D3C4E6 /* Debug */,
				DCC235B026CA60DF00D3C4E6 /* Release */,
			);
			defaultConfigurationIsVisible = 0;
			defaultConfigurationName = Release;
		};
		DCC235B126CA60DF00D3C4E6 /* Build configuration list for PBXNativeTarget "taskapp" */ = {
			isa = XCConfigurationList;
			buildConfigurations = (
				DCC235B226CA60DF00D3C4E6 /* Debug */,
				DCC235B326CA60DF00D3C4E6 /* Release */,
			);
			defaultConfigurationIsVisible = 0;
			defaultConfigurationName = Release;
		};
/* End XCConfigurationList section */
	};
	rootObject = DCC2359526CA60DB00D3C4E6 /* Project object */;
}
